
Microsoft Visual Studio Solution File, Format Version 12.00
# Visual Studio 15
VisualStudioVersion = 15.0.26124.0
MinimumVisualStudioVersion = 15.0.26124.0
Project("{2150E333-8FDC-42A3-9474-1A3956D46DE8}") = "tests", "tests", "{A6247B21-D745-4024-895A-9E8F665AE80F}"
EndProject
Project("{F2A71F9B-5D33-465A-A702-920D77279786}") = "FSharp.Control.Awaitable.Tests", "tests\FSharp.Control.Awaitable.Tests\FSharp.Control.Awaitable.Tests.fsproj", "{DC2B5CF2-57E8-433B-864A-41167302EE97}"
EndProject
Project("{2150E333-8FDC-42A3-9474-1A3956D46DE8}") = "src", "src", "{986C5C7B-9F14-49B9-A5A3-4ACD1EB41127}"
EndProject
Project("{F2A71F9B-5D33-465A-A702-920D77279786}") = "FSharp.Control.Awaitable", "src\FSharp.Control.Awaitable\FSharp.Control.Awaitable.fsproj", "{F817DE0C-E416-4804-BF68-923E2396646E}"
EndProject
Global
	GlobalSection(SolutionConfigurationPlatforms) = preSolution
		Debug|Any CPU = Debug|Any CPU
		Debug|x64 = Debug|x64
		Debug|x86 = Debug|x86
		Release|Any CPU = Release|Any CPU
		Release|x64 = Release|x64
		Release|x86 = Release|x86
	EndGlobalSection
	GlobalSection(SolutionProperties) = preSolution
		HideSolutionNode = FALSE
	EndGlobalSection
	GlobalSection(ProjectConfigurationPlatforms) = postSolution
		{DC2B5CF2-57E8-433B-864A-41167302EE97}.Debug|Any CPU.ActiveCfg = Debug|Any CPU
		{DC2B5CF2-57E8-433B-864A-41167302EE97}.Debug|Any CPU.Build.0 = Debug|Any CPU
		{DC2B5CF2-57E8-433B-864A-41167302EE97}.Debug|x64.ActiveCfg = Debug|Any CPU
		{DC2B5CF2-57E8-433B-864A-41167302EE97}.Debug|x64.Build.0 = Debug|Any CPU
		{DC2B5CF2-57E8-433B-864A-41167302EE97}.Debug|x86.ActiveCfg = Debug|Any CPU
		{DC2B5CF2-57E8-433B-864A-41167302EE97}.Debug|x86.Build.0 = Debug|Any CPU
		{DC2B5CF2-57E8-433B-864A-41167302EE97}.Release|Any CPU.ActiveCfg = Release|Any CPU
		{DC2B5CF2-57E8-433B-864A-41167302EE97}.Release|Any CPU.Build.0 = Release|Any CPU
		{DC2B5CF2-57E8-433B-864A-41167302EE97}.Release|x64.ActiveCfg = Release|Any CPU
		{DC2B5CF2-57E8-433B-864A-41167302EE97}.Release|x64.Build.0 = Release|Any CPU
		{DC2B5CF2-57E8-433B-864A-41167302EE97}.Release|x86.ActiveCfg = Release|Any CPU
		{DC2B5CF2-57E8-433B-864A-41167302EE97}.Release|x86.Build.0 = Release|Any CPU
		{F817DE0C-E416-4804-BF68-923E2396646E}.Debug|Any CPU.ActiveCfg = Debug|Any CPU
		{F817DE0C-E416-4804-BF68-923E2396646E}.Debug|Any CPU.Build.0 = Debug|Any CPU
		{F817DE0C-E416-4804-BF68-923E2396646E}.Debug|x64.ActiveCfg = Debug|Any CPU
		{F817DE0C-E416-4804-BF68-923E2396646E}.Debug|x64.Build.0 = Debug|Any CPU
		{F817DE0C-E416-4804-BF68-923E2396646E}.Debug|x86.ActiveCfg = Debug|Any CPU
		{F817DE0C-E416-4804-BF68-923E2396646E}.Debug|x86.Build.0 = Debug|Any CPU
		{F817DE0C-E416-4804-BF68-923E2396646E}.Release|Any CPU.ActiveCfg = Release|Any CPU
		{F817DE0C-E416-4804-BF68-923E2396646E}.Release|Any CPU.Build.0 = Release|Any CPU
		{F817DE0C-E416-4804-BF68-923E2396646E}.Release|x64.ActiveCfg = Release|Any CPU
		{F817DE0C-E416-4804-BF68-923E2396646E}.Release|x64.Build.0 = Release|Any CPU
		{F817DE0C-E416-4804-BF68-923E2396646E}.Release|x86.ActiveCfg = Release|Any CPU
		{F817DE0C-E416-4804-BF68-923E2396646E}.Release|x86.Build.0 = Release|Any CPU
	EndGlobalSection
	GlobalSection(NestedProjects) = preSolution
		{DC2B5CF2-57E8-433B-864A-41167302EE97} = {A6247B21-D745-4024-895A-9E8F665AE80F}
		{F817DE0C-E416-4804-BF68-923E2396646E} = {986C5C7B-9F14-49B9-A5A3-4ACD1EB41127}
	EndGlobalSection
EndGlobal
